
Microsoft Visual Studio Solution File, Format Version 12.00
# Visual Studio Version 17
VisualStudioVersion = 17.0.32126.317
MinimumVisualStudioVersion = 10.0.40219.1
Project("{9A19103F-16F7-4668-BE54-9A1E7A4F7556}") = "ConsoleApp", "Greeting\ConsoleApp\ConsoleApp.csproj", "{A736B5E6-3CA9-49CB-8E16-E89AE45DD4A4}"
EndProject
Project("{2150E333-8FDC-42A3-9474-1A3956D46DE8}") = "Greeting", "Greeting", "{3B392161-2BAB-49B0-A835-73D2305D639D}"
EndProject
Project("{FAE04EC0-301F-11D3-BF4B-00C04F79EFBC}") = "BusinessLogic", "Greeting\BusinessLogic\BusinessLogic.csproj", "{BCF53824-82AD-40E4-ABE7-02632E18934C}"
EndProject
Project("{FAE04EC0-301F-11D3-BF4B-00C04F79EFBC}") = "WindowsFormsApp", "Greeting\WindowsFormsApp\WindowsFormsApp.csproj", "{167D723A-8320-4AE5-9C95-0B71ACB57F0C}"
EndProject
Project("{2150E333-8FDC-42A3-9474-1A3956D46DE8}") = "FileSystemVisitor", "FileSystemVisitor", "{805066F1-73F0-4492-AEBE-52802F362B48}"
EndProject
Project("{FAE04EC0-301F-11D3-BF4B-00C04F79EFBC}") = "WindowsFormsApp", "FileSystemVisitor\WindowsFormsApp\WindowsFormsApp.csproj", "{53C2F9A2-8821-40B3-8A6B-9A74BAF42084}"
EndProject
Project("{FAE04EC0-301F-11D3-BF4B-00C04F79EFBC}") = "BusinessLogic", "FileSystemVisitor\BusinessLogic\BusinessLogic.csproj", "{991C8A65-EC10-4A51-8015-EBEA8E03A788}"
EndProject
Project("{2150E333-8FDC-42A3-9474-1A3956D46DE8}") = "ExceptionHandling", "ExceptionHandling", "{B2F144C7-65F9-4B3F-85A9-5F1F899DC00E}"
EndProject
Project("{9A19103F-16F7-4668-BE54-9A1E7A4F7556}") = "Task1", "ExceptionHandling\Task1\Task1.csproj", "{28CB2996-268C-473C-BDC1-334905E35E44}"
EndProject
Project("{9A19103F-16F7-4668-BE54-9A1E7A4F7556}") = "Task2", "ExceptionHandling\Task2\Task2.csproj", "{3CA70E6D-B904-4FEA-8218-BC6FCD3C1906}"
EndProject
Project("{9A19103F-16F7-4668-BE54-9A1E7A4F7556}") = "Task2.Tests", "ExceptionHandling\Task2.Tests\Task2.Tests.csproj", "{1E3424A8-228A-4E0F-A9B1-910701822F24}"
EndProject
Project("{9A19103F-16F7-4668-BE54-9A1E7A4F7556}") = "Task3", "ExceptionHandling\Task3\Task3.csproj", "{36975DFE-F091-428B-A127-18A4AE1C8FBA}"
EndProject
Project("{9A19103F-16F7-4668-BE54-9A1E7A4F7556}") = "Task3.Tests", "ExceptionHandling\Task3.Tests\Task3.Tests.csproj", "{16935F3D-C78D-444F-A074-63EEE9EC125E}"
EndProject
Project("{2150E333-8FDC-42A3-9474-1A3956D46DE8}") = "Reflection", "Reflection", "{464E836D-2091-473E-A001-CD996FDCD54F}"
EndProject
Project("{9A19103F-16F7-4668-BE54-9A1E7A4F7556}") = "ConsoleApp", "Reflection\ConsoleApp\ConsoleApp.csproj", "{E7DE14C0-5B78-4567-8140-195930F9E636}"
EndProject
Project("{9A19103F-16F7-4668-BE54-9A1E7A4F7556}") = "PluginBase", "Reflection\PluginBase\PluginBase.csproj", "{CA0E6BC5-D666-4371-87B1-FC08CFD12182}"
EndProject
Project("{9A19103F-16F7-4668-BE54-9A1E7A4F7556}") = "FileProviderPlugin", "Reflection\FileProviderPlugin\FileProviderPlugin.csproj", "{23D1E84F-3041-4905-8A9B-FC8CB56EC31F}"
EndProject
Project("{9A19103F-16F7-4668-BE54-9A1E7A4F7556}") = "CMProviderPlugin", "Reflection\CMProviderPlugin\CMProviderPlugin.csproj", "{2AF0F25E-715E-4BF7-AC1F-5B55FB96590E}"
EndProject
Project("{2150E333-8FDC-42A3-9474-1A3956D46DE8}") = "DataStructures", "DataStructures", "{D56AD136-177A-48EE-9650-A2C027DEA443}"
EndProject
Project("{FAE04EC0-301F-11D3-BF4B-00C04F79EFBC}") = "BusinessLogic.Test", "FileSystemVisitor\BusinessLogic.Test\BusinessLogic.Test.csproj", "{1D1C042A-A33D-4907-8F94-2F043B19C267}"
EndProject
Project("{2150E333-8FDC-42A3-9474-1A3956D46DE8}") = "UnitTesting", "UnitTesting", "{F6DD1F3E-94E9-4F4C-945D-5688AAA07A4F}"
EndProject
Project("{FAE04EC0-301F-11D3-BF4B-00C04F79EFBC}") = "WordWrapKata", "UnitTesting\WordWrapKata\WordWrapKata.csproj", "{5F5DBC72-789B-4008-A792-D3F40CC92BF8}"
EndProject
Project("{FAE04EC0-301F-11D3-BF4B-00C04F79EFBC}") = "WordWrapKata.Test", "UnitTesting\WordWrapKata.Test\WordWrapKata.Test.csproj", "{1E2DF6ED-BAEB-4CCA-B048-FAB74B39006D}"
EndProject
Project("{FAE04EC0-301F-11D3-BF4B-00C04F79EFBC}") = "CalculatorKata", "UnitTesting\CalculatorKata\CalculatorKata.csproj", "{19D542E1-84BA-40FA-9C1A-1F190D3B5B07}"
EndProject
Project("{FAE04EC0-301F-11D3-BF4B-00C04F79EFBC}") = "CalculatorKata.Test", "UnitTesting\CalculatorKata.Test\CalculatorKata.Test.csproj", "{95E50E88-CF3C-4BB6-A4D9-174202EA408C}"
EndProject
Project("{FAE04EC0-301F-11D3-BF4B-00C04F79EFBC}") = "TheBowlingGameKata", "UnitTesting\TheBowlingGameKata\TheBowlingGameKata.csproj", "{304C0DF2-AEA7-4913-924A-CDA81574E086}"
EndProject
Project("{FAE04EC0-301F-11D3-BF4B-00C04F79EFBC}") = "TheBowlingGameKata.Test", "UnitTesting\TheBowlingGameKata.Test\TheBowlingGameKata.Test.csproj", "{D9BF33F6-7A67-4C70-9390-D14A06F68D93}"
EndProject
Project("{9A19103F-16F7-4668-BE54-9A1E7A4F7556}") = "Tasks", "DataStructures\Tasks\Tasks.csproj", "{3E003896-6E5F-408A-ADAF-A7FCA5629135}"
EndProject
Project("{9A19103F-16F7-4668-BE54-9A1E7A4F7556}") = "Tasks.Tests", "DataStructures\Tasks.Tests\Tasks.Tests.csproj", "{A28D0043-AAC9-43B4-AB5A-9F1518EAD28F}"
EndProject
Project("{2150E333-8FDC-42A3-9474-1A3956D46DE8}") = "SQLFundamentals", "SQLFundamentals", "{FB7E71E8-16D2-4C40-8EF1-4BE5C401CBC5}"
EndProject
Project("{00D1A9C2-B5F0-4AF3-8072-F6C62B433612}") = "SQLPRoject", "SQLFundamental\SQLPRoject\SQLPRoject.sqlproj", "{4CDB1C0E-8BD1-44DA-BCE7-1F3CB2CBBD21}"
EndProject
Project("{2150E333-8FDC-42A3-9474-1A3956D46DE8}") = "ADO", "ADO", "{1F46DA0B-C36F-4B42-9105-FB86E7E93A08}"
EndProject
Project("{9A19103F-16F7-4668-BE54-9A1E7A4F7556}") = "ADO.Tests", "ADO\ADO.Tests\ADO.Tests.csproj", "{EC49CC6C-57BC-43B7-9259-60D725E4522F}"
EndProject
Project("{00D1A9C2-B5F0-4AF3-8072-F6C62B433612}") = "ADODatabase.Tests", "ADO\Database\ADODatabase.Tests.sqlproj", "{ADF08620-34AF-4C64-A2EB-836E6AAFB054}"
EndProject
Project("{9A19103F-16F7-4668-BE54-9A1E7A4F7556}") = "ADOLibrary", "ADO\ADOLibrary\ADOLibrary.csproj", "{FEA2AD9A-08F9-4DFA-A708-EDFD09127A1D}"
EndProject
Project("{2150E333-8FDC-42A3-9474-1A3956D46DE8}") = "ORM", "ORM", "{FD562B8C-3A51-4ADE-BB3E-889F339CD9DF}"
EndProject
Project("{9A19103F-16F7-4668-BE54-9A1E7A4F7556}") = "ORMLibrary", "ORM\ORMLibrary\ORMLibrary.csproj", "{928C2446-0769-4875-94BD-2FBC2D34027F}"
EndProject
Project("{9A19103F-16F7-4668-BE54-9A1E7A4F7556}") = "ORM.Tests", "ORM\ORM.Tests\ORM.Tests.csproj", "{01378ACB-77D4-4593-9818-E09248F9BA3B}"
EndProject
Project("{00D1A9C2-B5F0-4AF3-8072-F6C62B433612}") = "ORMDatabase.Tests", "ORM\ORMDatabase.Tests\ORMDatabase.Tests.sqlproj", "{FAA41F6C-54EE-4786-B3F8-7058DCD21199}"
EndProject
Project("{2150E333-8FDC-42A3-9474-1A3956D46DE8}") = "MVC", "MVC", "{5407D6ED-9B59-4DD3-9568-DDE21A334EC8}"
EndProject
Project("{9A19103F-16F7-4668-BE54-9A1E7A4F7556}") = "MyWebApplication", "MVC\WebApplication\MyWebApplication.csproj", "{3B8C29E6-F0F1-4421-91BF-482A9AF927E8}"
EndProject
Project("{2150E333-8FDC-42A3-9474-1A3956D46DE8}") = "JS", "JS", "{B84E7CC6-2223-44DB-BD6C-54F3DDFE9911}"
	ProjectSection(SolutionItems) = preProject
		Script.js = Script.js
	EndProjectSection
EndProject
Global
	GlobalSection(SolutionConfigurationPlatforms) = preSolution
		Debug|Any CPU = Debug|Any CPU
		Release|Any CPU = Release|Any CPU
	EndGlobalSection
	GlobalSection(ProjectConfigurationPlatforms) = postSolution
		{A736B5E6-3CA9-49CB-8E16-E89AE45DD4A4}.Debug|Any CPU.ActiveCfg = Debug|Any CPU
		{A736B5E6-3CA9-49CB-8E16-E89AE45DD4A4}.Debug|Any CPU.Build.0 = Debug|Any CPU
		{A736B5E6-3CA9-49CB-8E16-E89AE45DD4A4}.Release|Any CPU.ActiveCfg = Release|Any CPU
		{A736B5E6-3CA9-49CB-8E16-E89AE45DD4A4}.Release|Any CPU.Build.0 = Release|Any CPU
		{BCF53824-82AD-40E4-ABE7-02632E18934C}.Debug|Any CPU.ActiveCfg = Debug|Any CPU
		{BCF53824-82AD-40E4-ABE7-02632E18934C}.Debug|Any CPU.Build.0 = Debug|Any CPU
		{BCF53824-82AD-40E4-ABE7-02632E18934C}.Release|Any CPU.ActiveCfg = Release|Any CPU
		{BCF53824-82AD-40E4-ABE7-02632E18934C}.Release|Any CPU.Build.0 = Release|Any CPU
		{167D723A-8320-4AE5-9C95-0B71ACB57F0C}.Debug|Any CPU.ActiveCfg = Debug|Any CPU
		{167D723A-8320-4AE5-9C95-0B71ACB57F0C}.Debug|Any CPU.Build.0 = Debug|Any CPU
		{167D723A-8320-4AE5-9C95-0B71ACB57F0C}.Release|Any CPU.ActiveCfg = Release|Any CPU
		{167D723A-8320-4AE5-9C95-0B71ACB57F0C}.Release|Any CPU.Build.0 = Release|Any CPU
		{53C2F9A2-8821-40B3-8A6B-9A74BAF42084}.Debug|Any CPU.ActiveCfg = Debug|Any CPU
		{53C2F9A2-8821-40B3-8A6B-9A74BAF42084}.Debug|Any CPU.Build.0 = Debug|Any CPU
		{53C2F9A2-8821-40B3-8A6B-9A74BAF42084}.Release|Any CPU.ActiveCfg = Release|Any CPU
		{53C2F9A2-8821-40B3-8A6B-9A74BAF42084}.Release|Any CPU.Build.0 = Release|Any CPU
		{991C8A65-EC10-4A51-8015-EBEA8E03A788}.Debug|Any CPU.ActiveCfg = Debug|Any CPU
		{991C8A65-EC10-4A51-8015-EBEA8E03A788}.Debug|Any CPU.Build.0 = Debug|Any CPU
		{991C8A65-EC10-4A51-8015-EBEA8E03A788}.Release|Any CPU.ActiveCfg = Release|Any CPU
		{991C8A65-EC10-4A51-8015-EBEA8E03A788}.Release|Any CPU.Build.0 = Release|Any CPU
		{28CB2996-268C-473C-BDC1-334905E35E44}.Debug|Any CPU.ActiveCfg = Debug|Any CPU
		{28CB2996-268C-473C-BDC1-334905E35E44}.Debug|Any CPU.Build.0 = Debug|Any CPU
		{28CB2996-268C-473C-BDC1-334905E35E44}.Release|Any CPU.ActiveCfg = Release|Any CPU
		{28CB2996-268C-473C-BDC1-334905E35E44}.Release|Any CPU.Build.0 = Release|Any CPU
		{3CA70E6D-B904-4FEA-8218-BC6FCD3C1906}.Debug|Any CPU.ActiveCfg = Debug|Any CPU
		{3CA70E6D-B904-4FEA-8218-BC6FCD3C1906}.Debug|Any CPU.Build.0 = Debug|Any CPU
		{3CA70E6D-B904-4FEA-8218-BC6FCD3C1906}.Release|Any CPU.ActiveCfg = Release|Any CPU
		{3CA70E6D-B904-4FEA-8218-BC6FCD3C1906}.Release|Any CPU.Build.0 = Release|Any CPU
		{1E3424A8-228A-4E0F-A9B1-910701822F24}.Debug|Any CPU.ActiveCfg = Debug|Any CPU
		{1E3424A8-228A-4E0F-A9B1-910701822F24}.Debug|Any CPU.Build.0 = Debug|Any CPU
		{1E3424A8-228A-4E0F-A9B1-910701822F24}.Release|Any CPU.ActiveCfg = Release|Any CPU
		{1E3424A8-228A-4E0F-A9B1-910701822F24}.Release|Any CPU.Build.0 = Release|Any CPU
		{36975DFE-F091-428B-A127-18A4AE1C8FBA}.Debug|Any CPU.ActiveCfg = Debug|Any CPU
		{36975DFE-F091-428B-A127-18A4AE1C8FBA}.Debug|Any CPU.Build.0 = Debug|Any CPU
		{36975DFE-F091-428B-A127-18A4AE1C8FBA}.Release|Any CPU.ActiveCfg = Release|Any CPU
		{36975DFE-F091-428B-A127-18A4AE1C8FBA}.Release|Any CPU.Build.0 = Release|Any CPU
		{16935F3D-C78D-444F-A074-63EEE9EC125E}.Debug|Any CPU.ActiveCfg = Debug|Any CPU
		{16935F3D-C78D-444F-A074-63EEE9EC125E}.Debug|Any CPU.Build.0 = Debug|Any CPU
		{16935F3D-C78D-444F-A074-63EEE9EC125E}.Release|Any CPU.ActiveCfg = Release|Any CPU
		{16935F3D-C78D-444F-A074-63EEE9EC125E}.Release|Any CPU.Build.0 = Release|Any CPU
		{E7DE14C0-5B78-4567-8140-195930F9E636}.Debug|Any CPU.ActiveCfg = Debug|Any CPU
		{E7DE14C0-5B78-4567-8140-195930F9E636}.Debug|Any CPU.Build.0 = Debug|Any CPU
		{E7DE14C0-5B78-4567-8140-195930F9E636}.Release|Any CPU.ActiveCfg = Release|Any CPU
		{E7DE14C0-5B78-4567-8140-195930F9E636}.Release|Any CPU.Build.0 = Release|Any CPU
		{CA0E6BC5-D666-4371-87B1-FC08CFD12182}.Debug|Any CPU.ActiveCfg = Debug|Any CPU
		{CA0E6BC5-D666-4371-87B1-FC08CFD12182}.Debug|Any CPU.Build.0 = Debug|Any CPU
		{CA0E6BC5-D666-4371-87B1-FC08CFD12182}.Release|Any CPU.ActiveCfg = Release|Any CPU
		{CA0E6BC5-D666-4371-87B1-FC08CFD12182}.Release|Any CPU.Build.0 = Release|Any CPU
		{23D1E84F-3041-4905-8A9B-FC8CB56EC31F}.Debug|Any CPU.ActiveCfg = Debug|Any CPU
		{23D1E84F-3041-4905-8A9B-FC8CB56EC31F}.Debug|Any CPU.Build.0 = Debug|Any CPU
		{23D1E84F-3041-4905-8A9B-FC8CB56EC31F}.Release|Any CPU.ActiveCfg = Release|Any CPU
		{23D1E84F-3041-4905-8A9B-FC8CB56EC31F}.Release|Any CPU.Build.0 = Release|Any CPU
		{2AF0F25E-715E-4BF7-AC1F-5B55FB96590E}.Debug|Any CPU.ActiveCfg = Debug|Any CPU
		{2AF0F25E-715E-4BF7-AC1F-5B55FB96590E}.Debug|Any CPU.Build.0 = Debug|Any CPU
		{2AF0F25E-715E-4BF7-AC1F-5B55FB96590E}.Release|Any CPU.ActiveCfg = Release|Any CPU
		{2AF0F25E-715E-4BF7-AC1F-5B55FB96590E}.Release|Any CPU.Build.0 = Release|Any CPU
		{1D1C042A-A33D-4907-8F94-2F043B19C267}.Debug|Any CPU.ActiveCfg = Debug|Any CPU
		{1D1C042A-A33D-4907-8F94-2F043B19C267}.Debug|Any CPU.Build.0 = Debug|Any CPU
		{1D1C042A-A33D-4907-8F94-2F043B19C267}.Release|Any CPU.ActiveCfg = Release|Any CPU
		{1D1C042A-A33D-4907-8F94-2F043B19C267}.Release|Any CPU.Build.0 = Release|Any CPU
		{5F5DBC72-789B-4008-A792-D3F40CC92BF8}.Debug|Any CPU.ActiveCfg = Debug|Any CPU
		{5F5DBC72-789B-4008-A792-D3F40CC92BF8}.Debug|Any CPU.Build.0 = Debug|Any CPU
		{5F5DBC72-789B-4008-A792-D3F40CC92BF8}.Release|Any CPU.ActiveCfg = Release|Any CPU
		{5F5DBC72-789B-4008-A792-D3F40CC92BF8}.Release|Any CPU.Build.0 = Release|Any CPU
		{1E2DF6ED-BAEB-4CCA-B048-FAB74B39006D}.Debug|Any CPU.ActiveCfg = Debug|Any CPU
		{1E2DF6ED-BAEB-4CCA-B048-FAB74B39006D}.Debug|Any CPU.Build.0 = Debug|Any CPU
		{1E2DF6ED-BAEB-4CCA-B048-FAB74B39006D}.Release|Any CPU.ActiveCfg = Release|Any CPU
		{1E2DF6ED-BAEB-4CCA-B048-FAB74B39006D}.Release|Any CPU.Build.0 = Release|Any CPU
		{19D542E1-84BA-40FA-9C1A-1F190D3B5B07}.Debug|Any CPU.ActiveCfg = Debug|Any CPU
		{19D542E1-84BA-40FA-9C1A-1F190D3B5B07}.Debug|Any CPU.Build.0 = Debug|Any CPU
		{19D542E1-84BA-40FA-9C1A-1F190D3B5B07}.Release|Any CPU.ActiveCfg = Release|Any CPU
		{19D542E1-84BA-40FA-9C1A-1F190D3B5B07}.Release|Any CPU.Build.0 = Release|Any CPU
		{95E50E88-CF3C-4BB6-A4D9-174202EA408C}.Debug|Any CPU.ActiveCfg = Debug|Any CPU
		{95E50E88-CF3C-4BB6-A4D9-174202EA408C}.Debug|Any CPU.Build.0 = Debug|Any CPU
		{95E50E88-CF3C-4BB6-A4D9-174202EA408C}.Release|Any CPU.ActiveCfg = Release|Any CPU
		{95E50E88-CF3C-4BB6-A4D9-174202EA408C}.Release|Any CPU.Build.0 = Release|Any CPU
		{304C0DF2-AEA7-4913-924A-CDA81574E086}.Debug|Any CPU.ActiveCfg = Debug|Any CPU
		{304C0DF2-AEA7-4913-924A-CDA81574E086}.Debug|Any CPU.Build.0 = Debug|Any CPU
		{304C0DF2-AEA7-4913-924A-CDA81574E086}.Release|Any CPU.ActiveCfg = Release|Any CPU
		{304C0DF2-AEA7-4913-924A-CDA81574E086}.Release|Any CPU.Build.0 = Release|Any CPU
		{D9BF33F6-7A67-4C70-9390-D14A06F68D93}.Debug|Any CPU.ActiveCfg = Debug|Any CPU
		{D9BF33F6-7A67-4C70-9390-D14A06F68D93}.Debug|Any CPU.Build.0 = Debug|Any CPU
		{D9BF33F6-7A67-4C70-9390-D14A06F68D93}.Release|Any CPU.ActiveCfg = Release|Any CPU
		{D9BF33F6-7A67-4C70-9390-D14A06F68D93}.Release|Any CPU.Build.0 = Release|Any CPU
		{3E003896-6E5F-408A-ADAF-A7FCA5629135}.Debug|Any CPU.ActiveCfg = Debug|Any CPU
		{3E003896-6E5F-408A-ADAF-A7FCA5629135}.Debug|Any CPU.Build.0 = Debug|Any CPU
		{3E003896-6E5F-408A-ADAF-A7FCA5629135}.Release|Any CPU.ActiveCfg = Release|Any CPU
		{3E003896-6E5F-408A-ADAF-A7FCA5629135}.Release|Any CPU.Build.0 = Release|Any CPU
		{A28D0043-AAC9-43B4-AB5A-9F1518EAD28F}.Debug|Any CPU.ActiveCfg = Debug|Any CPU
		{A28D0043-AAC9-43B4-AB5A-9F1518EAD28F}.Debug|Any CPU.Build.0 = Debug|Any CPU
		{A28D0043-AAC9-43B4-AB5A-9F1518EAD28F}.Release|Any CPU.ActiveCfg = Release|Any CPU
		{A28D0043-AAC9-43B4-AB5A-9F1518EAD28F}.Release|Any CPU.Build.0 = Release|Any CPU
		{4CDB1C0E-8BD1-44DA-BCE7-1F3CB2CBBD21}.Debug|Any CPU.ActiveCfg = Debug|Any CPU
		{4CDB1C0E-8BD1-44DA-BCE7-1F3CB2CBBD21}.Debug|Any CPU.Build.0 = Debug|Any CPU
		{4CDB1C0E-8BD1-44DA-BCE7-1F3CB2CBBD21}.Debug|Any CPU.Deploy.0 = Debug|Any CPU
		{4CDB1C0E-8BD1-44DA-BCE7-1F3CB2CBBD21}.Release|Any CPU.ActiveCfg = Release|Any CPU
		{4CDB1C0E-8BD1-44DA-BCE7-1F3CB2CBBD21}.Release|Any CPU.Build.0 = Release|Any CPU
		{4CDB1C0E-8BD1-44DA-BCE7-1F3CB2CBBD21}.Release|Any CPU.Deploy.0 = Release|Any CPU
		{EC49CC6C-57BC-43B7-9259-60D725E4522F}.Debug|Any CPU.ActiveCfg = Debug|Any CPU
		{EC49CC6C-57BC-43B7-9259-60D725E4522F}.Debug|Any CPU.Build.0 = Debug|Any CPU
		{EC49CC6C-57BC-43B7-9259-60D725E4522F}.Release|Any CPU.ActiveCfg = Release|Any CPU
		{EC49CC6C-57BC-43B7-9259-60D725E4522F}.Release|Any CPU.Build.0 = Release|Any CPU
		{ADF08620-34AF-4C64-A2EB-836E6AAFB054}.Debug|Any CPU.ActiveCfg = Debug|Any CPU
		{ADF08620-34AF-4C64-A2EB-836E6AAFB054}.Debug|Any CPU.Build.0 = Debug|Any CPU
		{ADF08620-34AF-4C64-A2EB-836E6AAFB054}.Debug|Any CPU.Deploy.0 = Debug|Any CPU
		{ADF08620-34AF-4C64-A2EB-836E6AAFB054}.Release|Any CPU.ActiveCfg = Release|Any CPU
		{ADF08620-34AF-4C64-A2EB-836E6AAFB054}.Release|Any CPU.Build.0 = Release|Any CPU
		{ADF08620-34AF-4C64-A2EB-836E6AAFB054}.Release|Any CPU.Deploy.0 = Release|Any CPU
		{FEA2AD9A-08F9-4DFA-A708-EDFD09127A1D}.Debug|Any CPU.ActiveCfg = Debug|Any CPU
		{FEA2AD9A-08F9-4DFA-A708-EDFD09127A1D}.Debug|Any CPU.Build.0 = Debug|Any CPU
		{FEA2AD9A-08F9-4DFA-A708-EDFD09127A1D}.Release|Any CPU.ActiveCfg = Release|Any CPU
		{FEA2AD9A-08F9-4DFA-A708-EDFD09127A1D}.Release|Any CPU.Build.0 = Release|Any CPU
		{928C2446-0769-4875-94BD-2FBC2D34027F}.Debug|Any CPU.ActiveCfg = Debug|Any CPU
		{928C2446-0769-4875-94BD-2FBC2D34027F}.Debug|Any CPU.Build.0 = Debug|Any CPU
		{928C2446-0769-4875-94BD-2FBC2D34027F}.Release|Any CPU.ActiveCfg = Release|Any CPU
		{928C2446-0769-4875-94BD-2FBC2D34027F}.Release|Any CPU.Build.0 = Release|Any CPU
		{01378ACB-77D4-4593-9818-E09248F9BA3B}.Debug|Any CPU.ActiveCfg = Debug|Any CPU
		{01378ACB-77D4-4593-9818-E09248F9BA3B}.Debug|Any CPU.Build.0 = Debug|Any CPU
		{01378ACB-77D4-4593-9818-E09248F9BA3B}.Release|Any CPU.ActiveCfg = Release|Any CPU
		{01378ACB-77D4-4593-9818-E09248F9BA3B}.Release|Any CPU.Build.0 = Release|Any CPU
		{FAA41F6C-54EE-4786-B3F8-7058DCD21199}.Debug|Any CPU.ActiveCfg = Debug|Any CPU
		{FAA41F6C-54EE-4786-B3F8-7058DCD21199}.Debug|Any CPU.Build.0 = Debug|Any CPU
		{FAA41F6C-54EE-4786-B3F8-7058DCD21199}.Debug|Any CPU.Deploy.0 = Debug|Any CPU
		{FAA41F6C-54EE-4786-B3F8-7058DCD21199}.Release|Any CPU.ActiveCfg = Release|Any CPU
		{FAA41F6C-54EE-4786-B3F8-7058DCD21199}.Release|Any CPU.Build.0 = Release|Any CPU
		{FAA41F6C-54EE-4786-B3F8-7058DCD21199}.Release|Any CPU.Deploy.0 = Release|Any CPU
		{3B8C29E6-F0F1-4421-91BF-482A9AF927E8}.Debug|Any CPU.ActiveCfg = Debug|Any CPU
		{3B8C29E6-F0F1-4421-91BF-482A9AF927E8}.Debug|Any CPU.Build.0 = Debug|Any CPU
		{3B8C29E6-F0F1-4421-91BF-482A9AF927E8}.Release|Any CPU.ActiveCfg = Release|Any CPU
		{3B8C29E6-F0F1-4421-91BF-482A9AF927E8}.Release|Any CPU.Build.0 = Release|Any CPU
	EndGlobalSection
	GlobalSection(SolutionProperties) = preSolution
		HideSolutionNode = FALSE
	EndGlobalSection
	GlobalSection(NestedProjects) = preSolution
		{A736B5E6-3CA9-49CB-8E16-E89AE45DD4A4} = {3B392161-2BAB-49B0-A835-73D2305D639D}
		{BCF53824-82AD-40E4-ABE7-02632E18934C} = {3B392161-2BAB-49B0-A835-73D2305D639D}
		{167D723A-8320-4AE5-9C95-0B71ACB57F0C} = {3B392161-2BAB-49B0-A835-73D2305D639D}
		{53C2F9A2-8821-40B3-8A6B-9A74BAF42084} = {805066F1-73F0-4492-AEBE-52802F362B48}
		{991C8A65-EC10-4A51-8015-EBEA8E03A788} = {805066F1-73F0-4492-AEBE-52802F362B48}
		{28CB2996-268C-473C-BDC1-334905E35E44} = {B2F144C7-65F9-4B3F-85A9-5F1F899DC00E}
		{3CA70E6D-B904-4FEA-8218-BC6FCD3C1906} = {B2F144C7-65F9-4B3F-85A9-5F1F899DC00E}
		{1E3424A8-228A-4E0F-A9B1-910701822F24} = {B2F144C7-65F9-4B3F-85A9-5F1F899DC00E}
		{36975DFE-F091-428B-A127-18A4AE1C8FBA} = {B2F144C7-65F9-4B3F-85A9-5F1F899DC00E}
		{16935F3D-C78D-444F-A074-63EEE9EC125E} = {B2F144C7-65F9-4B3F-85A9-5F1F899DC00E}
		{E7DE14C0-5B78-4567-8140-195930F9E636} = {464E836D-2091-473E-A001-CD996FDCD54F}
		{CA0E6BC5-D666-4371-87B1-FC08CFD12182} = {464E836D-2091-473E-A001-CD996FDCD54F}
		{23D1E84F-3041-4905-8A9B-FC8CB56EC31F} = {464E836D-2091-473E-A001-CD996FDCD54F}
		{2AF0F25E-715E-4BF7-AC1F-5B55FB96590E} = {464E836D-2091-473E-A001-CD996FDCD54F}
		{1D1C042A-A33D-4907-8F94-2F043B19C267} = {805066F1-73F0-4492-AEBE-52802F362B48}
		{5F5DBC72-789B-4008-A792-D3F40CC92BF8} = {F6DD1F3E-94E9-4F4C-945D-5688AAA07A4F}
		{1E2DF6ED-BAEB-4CCA-B048-FAB74B39006D} = {F6DD1F3E-94E9-4F4C-945D-5688AAA07A4F}
		{19D542E1-84BA-40FA-9C1A-1F190D3B5B07} = {F6DD1F3E-94E9-4F4C-945D-5688AAA07A4F}
		{95E50E88-CF3C-4BB6-A4D9-174202EA408C} = {F6DD1F3E-94E9-4F4C-945D-5688AAA07A4F}
		{304C0DF2-AEA7-4913-924A-CDA81574E086} = {F6DD1F3E-94E9-4F4C-945D-5688AAA07A4F}
		{D9BF33F6-7A67-4C70-9390-D14A06F68D93} = {F6DD1F3E-94E9-4F4C-945D-5688AAA07A4F}
		{3E003896-6E5F-408A-ADAF-A7FCA5629135} = {D56AD136-177A-48EE-9650-A2C027DEA443}
		{A28D0043-AAC9-43B4-AB5A-9F1518EAD28F} = {D56AD136-177A-48EE-9650-A2C027DEA443}
		{4CDB1C0E-8BD1-44DA-BCE7-1F3CB2CBBD21} = {FB7E71E8-16D2-4C40-8EF1-4BE5C401CBC5}
		{EC49CC6C-57BC-43B7-9259-60D725E4522F} = {1F46DA0B-C36F-4B42-9105-FB86E7E93A08}
		{ADF08620-34AF-4C64-A2EB-836E6AAFB054} = {1F46DA0B-C36F-4B42-9105-FB86E7E93A08}
		{FEA2AD9A-08F9-4DFA-A708-EDFD09127A1D} = {1F46DA0B-C36F-4B42-9105-FB86E7E93A08}
		{928C2446-0769-4875-94BD-2FBC2D34027F} = {FD562B8C-3A51-4ADE-BB3E-889F339CD9DF}
		{01378ACB-77D4-4593-9818-E09248F9BA3B} = {FD562B8C-3A51-4ADE-BB3E-889F339CD9DF}
		{FAA41F6C-54EE-4786-B3F8-7058DCD21199} = {FD562B8C-3A51-4ADE-BB3E-889F339CD9DF}
		{3B8C29E6-F0F1-4421-91BF-482A9AF927E8} = {5407D6ED-9B59-4DD3-9568-DDE21A334EC8}
	EndGlobalSection
	GlobalSection(ExtensibilityGlobals) = postSolution
		SolutionGuid = {42088C31-8CF9-4A35-9275-DCD40C06DDC4}
	EndGlobalSection
EndGlobal
